
Microsoft Visual Studio Solution File, Format Version 12.00
# Visual Studio 2017
Project("{FAE04EC0-301F-11D3-BF4B-00C04F79EFBC}") = "Rolling-ball game(tutorial)", "Rolling-ball game(tutorial).csproj", "{1CDEF336-7358-4449-5BB5-0211116E154C}"
EndProject
Global
	GlobalSection(SolutionConfigurationPlatforms) = preSolution
		Debug|Any CPU = Debug|Any CPU
		Release|Any CPU = Release|Any CPU
	EndGlobalSection
	GlobalSection(ProjectConfigurationPlatforms) = postSolution
		{1CDEF336-7358-4449-5BB5-0211116E154C}.Debug|Any CPU.ActiveCfg = Debug|Any CPU
		{1CDEF336-7358-4449-5BB5-0211116E154C}.Debug|Any CPU.Build.0 = Debug|Any CPU
		{1CDEF336-7358-4449-5BB5-0211116E154C}.Release|Any CPU.ActiveCfg = Release|Any CPU
		{1CDEF336-7358-4449-5BB5-0211116E154C}.Release|Any CPU.Build.0 = Release|Any CPU
	EndGlobalSection
	GlobalSection(SolutionProperties) = preSolution
		HideSolutionNode = FALSE
	EndGlobalSection
EndGlobal
